// !$*UTF8*$!
{
	archiveVersion = 1;
	classes = {
	};
	objectVersion = 46;
	objects = {

/* Begin PBXBuildFile section */
		A1B25B901B3DA70500DC9D59 /* AppDelegate.swift in Sources */ = {isa = PBXBuildFile; fileRef = A1B25B8F1B3DA70500DC9D59 /* AppDelegate.swift */; };
		A1B25B921B3DA70500DC9D59 /* ViewController.swift in Sources */ = {isa = PBXBuildFile; fileRef = A1B25B911B3DA70500DC9D59 /* ViewController.swift */; };
		A1B25B951B3DA70500DC9D59 /* Main.storyboard in Resources */ = {isa = PBXBuildFile; fileRef = A1B25B931B3DA70500DC9D59 /* Main.storyboard */; };
		A1B25B971B3DA70500DC9D59 /* Assets.xcassets in Resources */ = {isa = PBXBuildFile; fileRef = A1B25B961B3DA70500DC9D59 /* Assets.xcassets */; };
		A1B25B9A1B3DA70500DC9D59 /* LaunchScreen.storyboard in Resources */ = {isa = PBXBuildFile; fileRef = A1B25B981B3DA70500DC9D59 /* LaunchScreen.storyboard */; };
/* End PBXBuildFile section */

/* Begin PBXFileReference section */
		A1B25B8C1B3DA70500DC9D59 /* PetConstraint.app */ = {isa = PBXFileReference; explicitFileType = wrapper.application; includeInIndex = 0; path = PetConstraint.app; sourceTree = BUILT_PRODUCTS_DIR; };
		A1B25B8F1B3DA70500DC9D59 /* AppDelegate.swift */ = {isa = PBXFileReference; lastKnownFileType = sourcecode.swift; path = AppDelegate.swift; sourceTree = "<group>"; };
		A1B25B911B3DA70500DC9D59 /* ViewController.swift */ = {isa = PBXFileReference; lastKnownFileType = sourcecode.swift; path = ViewController.swift; sourceTree = "<group>"; };
		A1B25B941B3DA70500DC9D59 /* Base */ = {isa = PBXFileReference; lastKnownFileType = file.storyboard; name = Base; path = Base.lproj/Main.storyboard; sourceTree = "<group>"; };
		A1B25B961B3DA70500DC9D59 /* Assets.xcassets */ = {isa = PBXFileReference; lastKnownFileType = folder.assetcatalog; path = Assets.xcassets; sourceTree = "<group>"; };
		A1B25B991B3DA70500DC9D59 /* Base */ = {isa = PBXFileReference; lastKnownFileType = file.storyboard; name = Base; path = Base.lproj/LaunchScreen.storyboard; sourceTree = "<group>"; };
		A1B25B9B1B3DA70500DC9D59 /* Info.plist */ = {isa = PBXFileReference; lastKnownFileType = text.plist.xml; path = Info.plist; sourceTree = "<group>"; };
/* End PBXFileReference section */

/* Begin PBXFrameworksBuildPhase section */
		A1B25B891B3DA70500DC9D59 /* Frameworks */ = {
			isa = PBXFrameworksBuildPhase;
			buildActionMask = 2147483647;
			files = (
			);
			runOnlyForDeploymentPostprocessing = 0;
		};
/* End PBXFrameworksBuildPhase section */

/* Begin PBXGroup section */
		A1B25B831B3DA70500DC9D59 = {
			isa = PBXGroup;
			children = (
				A1B25B8E1B3DA70500DC9D59 /* PetConstraint */,
				A1B25B8D1B3DA70500DC9D59 /* Products */,
			);
			sourceTree = "<group>";
		};
		A1B25B8D1B3DA70500DC9D59 /* Products */ = {
			isa = PBXGroup;
			children = (
				A1B25B8C1B3DA70500DC9D59 /* PetConstraint.app */,
			);
			name = Products;
			sourceTree = "<group>";
		};
		A1B25B8E1B3DA70500DC9D59 /* PetConstraint */ = {
			isa = PBXGroup;
			children = (
				A1B25B8F1B3DA70500DC9D59 /* AppDelegate.swift */,
				A1B25B911B3DA70500DC9D59 /* ViewController.swift */,
				A1B25B931B3DA70500DC9D59 /* Main.storyboard */,
				A1B25B961B3DA70500DC9D59 /* Assets.xcassets */,
				A1B25B981B3DA70500DC9D59 /* LaunchScreen.storyboard */,
				A1B25B9B1B3DA70500DC9D59 /* Info.plist */,
			);
			path = PetConstraint;
			sourceTree = "<group>";
		};
/* End PBXGroup section */

/* Begin PBXNativeTarget section */
		A1B25B8B1B3DA70500DC9D59 /* PetConstraint */ = {
			isa = PBXNativeTarget;
			buildConfigurationList = A1B25B9E1B3DA70500DC9D59 /* Build configuration list for PBXNativeTarget "PetConstraint" */;
			buildPhases = (
				A1B25B881B3DA70500DC9D59 /* Sources */,
				A1B25B891B3DA70500DC9D59 /* Frameworks */,
				A1B25B8A1B3DA70500DC9D59 /* Resources */,
			);
			buildRules = (
			);
			dependencies = (
			);
			name = PetConstraint;
			productName = PetConstraint;
			productReference = A1B25B8C1B3DA70500DC9D59 /* PetConstraint.app */;
			productType = "com.apple.product-type.application";
		};
/* End PBXNativeTarget section */

/* Begin PBXProject section */
		A1B25B841B3DA70500DC9D59 /* Project object */ = {
			isa = PBXProject;
			attributes = {
				LastUpgradeCheck = 0700;
				ORGANIZATIONNAME = Littocats;
				TargetAttributes = {
					A1B25B8B1B3DA70500DC9D59 = {
						CreatedOnToolsVersion = 7.0;
					};
				};
			};
			buildConfigurationList = A1B25B871B3DA70500DC9D59 /* Build configuration list for PBXProject "PetConstraint" */;
			compatibilityVersion = "Xcode 3.2";
			developmentRegion = English;
			hasScannedForEncodings = 0;
			knownRegions = (
				en,
				Base,
			);
			mainGroup = A1B25B831B3DA70500DC9D59;
			productRefGroup = A1B25B8D1B3DA70500DC9D59 /* Products */;
			projectDirPath = "";
			projectRoot = "";
			targets = (
				A1B25B8B1B3DA70500DC9D59 /* PetConstraint */,
			);
		};
/* End PBXProject section */

/* Begin PBXResourcesBuildPhase section */
		A1B25B8A1B3DA70500DC9D59 /* Resources */ = {
			isa = PBXResourcesBuildPhase;
			buildActionMask = 2147483647;
			files = (
				A1B25B9A1B3DA70500DC9D59 /* LaunchScreen.storyboard in Resources */,
				A1B25B971B3DA70500DC9D59 /* Assets.xcassets in Resources */,
				A1B25B951B3DA70500DC9D59 /* Main.storyboard in Resources */,
			);
			runOnlyForDeploymentPostprocessing = 0;
		};
/* End PBXResourcesBuildPhase section */

/* Begin PBXSourcesBuildPhase section */
		A1B25B881B3DA70500DC9D59 /* Sources */ = {
			isa = PBXSourcesBuildPhase;
			buildActionMask = 2147483647;
			files = (
				A1B25B921B3DA70500DC9D59 /* ViewController.swift in Sources */,
				A1B25B901B3DA70500DC9D59 /* AppDelegate.swift in Sources */,
			);
			runOnlyForDeploymentPostprocessing = 0;
		};
/* End PBXSourcesBuildPhase section */

/* Begin PBXVariantGroup section */
		A1B25B931B3DA70500DC9D59 /* Main.storyboard */ = {
			isa = PBXVariantGroup;
			children = (
				A1B25B941B3DA70500DC9D59 /* Base */,
			);
			name = Main.storyboard;
			sourceTree = "<group>";
		};
		A1B25B981B3DA70500DC9D59 /* LaunchScreen.storyboard */ = {
			isa = PBXVariantGroup;
			children = (
				A1B25B991B3DA70500DC9D59 /* Base */,
			);
			name = LaunchScreen.storyboard;
			sourceTree = "<group>";
		};
/* End PBXVariantGroup section */

/* Begin XCBuildConfiguration section */
		A1B25B9C1B3DA70500DC9D59 /* Debug */ = {
			isa = XCBuildConfiguration;
			buildSettings = {
				ALWAYS_SEARCH_USER_PATHS = NO;
				CLANG_CXX_LANGUAGE_STANDARD = "gnu++0x";
				CLANG_CXX_LIBRARY = "libc++";
				CLANG_ENABLE_MODULES = YES;
				CLANG_ENABLE_OBJC_ARC = YES;
				CLANG_WARN_BOOL_CONVERSION = YES;
				CLANG_WARN_CONSTANT_CONVERSION = YES;
				CLANG_WARN_DIRECT_OBJC_ISA_USAGE = YES_ERROR;
				CLANG_WARN_EMPTY_BODY = YES;
				CLANG_WARN_ENUM_CONVERSION = YES;
				CLANG_WARN_INT_CONVERSION = YES;
				CLANG_WARN_OBJC_ROOT_CLASS = YES_ERROR;
				CLANG_WARN_UNREACHABLE_CODE = YES;
				CLANG_WARN__DUPLICATE_METHOD_MATCH = YES;
				"CODE_SIGN_IDENTITY[sdk=iphoneos*]" = "iPhone Developer";
				COPY_PHASE_STRIP = NO;
				DEBUG_INFORMATION_FORMAT = dwarf;
				ENABLE_STRICT_OBJC_MSGSEND = YES;
				ENABLE_TESTABILITY = YES;
				GCC_C_LANGUAGE_STANDARD = gnu99;
				GCC_DYNAMIC_NO_PIC = NO;
				GCC_NO_COMMON_BLOCKS = YES;
				GCC_OPTIMIZATION_LEVEL = 0;
				GCC_PREPROCESSOR_DEFINITIONS = (
					"DEBUG=1",
					"$(inherited)",
				);
				GCC_WARN_64_TO_32_BIT_CONVERSION = YES;
				GCC_WARN_ABOUT_RETURN_TYPE = YES_ERROR;
				GCC_WARN_UNDECLARED_SELECTOR = YES;
				GCC_WARN_UNINITIALIZED_AUTOS = YES_AGGRESSIVE;
				GCC_WARN_UNUSED_FUNCTION = YES;
				GCC_WARN_UNUSED_VARIABLE = YES;
				IPHONEOS_DEPLOYMENT_TARGET = 9.0;
				MTL_ENABLE_DEBUG_INFO = YES;
				ONLY_ACTIVE_ARCH = YES;
				SDKROOT = iphoneos;
				SWIFT_OPTIMIZATION_LEVEL = "-Onone";
				TARGETED_DEVICE_FAMILY = "1,2";
			};
			name = Debug;
		};
		A1B25B9D1B3DA70500DC9D59 /* Release */ = {
			isa = XCBuildConfiguration;
			buildSettings = {
				ALWAYS_SEARCH_USER_PATHS = NO;
				CLANG_CXX_LANGUAGE_STANDARD = "gnu++0x";
				CLANG_CXX_LIBRARY = "libc++";
				CLANG_ENABLE_MODULES = YES;
				CLANG_ENABLE_OBJC_ARC = YES;
				CLANG_WARN_BOOL_CONVERSION = YES;
				CLANG_WARN_CONSTANT_CONVERSION = YES;
				CLANG_WARN_DIRECT_OBJC_ISA_USAGE = YES_ERROR;
				CLANG_WARN_EMPTY_BODY = YES;
				CLANG_WARN_ENUM_CONVERSION = YES;
				CLANG_WARN_INT_CONVERSION = YES;
				CLANG_WARN_OBJC_ROOT_CLASS = YES_ERROR;
				CLANG_WARN_UNREACHABLE_CODE = YES;
				CLANG_WARN__DUPLICATE_METHOD_MATCH = YES;
				"CODE_SIGN_IDENTITY[sdk=iphoneos*]" = "iPhone Developer";
				COPY_PHASE_STRIP = NO;
				DEBUG_INFORMATION_FORMAT = "dwarf-with-dsym";
				ENABLE_NS_ASSERTIONS = NO;
				ENABLE_STRICT_OBJC_MSGSEND = YES;
				GCC_C_LANGUAGE_STANDARD = gnu99;
				GCC_NO_COMMON_BLOCKS = YES;
				GCC_WARN_64_TO_32_BIT_CONVERSION = YES;
				GCC_WARN_ABOUT_RETURN_TYPE = YES_ERROR;
				GCC_WARN_UNDECLARED_SELECTOR = YES;
				GCC_WARN_UNINITIALIZED_AUTOS = YES_AGGRESSIVE;
				GCC_WARN_UNUSED_FUNCTION = YES;
				GCC_WARN_UNUSED_VARIABLE = YES;
				IPHONEOS_DEPLOYMENT_TARGET = 9.0;
				MTL_ENABLE_DEBUG_INFO = NO;
				SDKROOT = iphoneos;
				TARGETED_DEVICE_FAMILY = "1,2";
				VALIDATE_PRODUCT = YES;
			};
			name = Release;
		};
		A1B25B9F1B3DA70500DC9D59 /* Debug */ = {
			isa = XCBuildConfiguration;
			buildSettings = {
				ASSETCATALOG_COMPILER_APPICON_NAME = AppIcon;
				INFOPLIST_FILE = PetConstraint/Info.plist;
				LD_RUNPATH_SEARCH_PATHS = "$(inherited) @executable_path/Frameworks";
				PRODUCT_BUNDLE_IDENTIFIER = org.littocats.PetConstraint;
				PRODUCT_NAME = "$(TARGET_NAME)";
			};
			name = Debug;
		};
		A1B25BA01B3DA70500DC9D59 /* Release */ = {
			isa = XCBuildConfiguration;
			buildSettings = {
				ASSETCATALOG_COMPILER_APPICON_NAME = AppIcon;
				INFOPLIST_FILE = PetConstraint/Info.plist;
				LD_RUNPATH_SEARCH_PATHS = "$(inherited) @executable_path/Frameworks";
				PRODUCT_BUNDLE_IDENTIFIER = org.littocats.PetConstraint;
				PRODUCT_NAME = "$(TARGET_NAME)";
			};
			name = Release;
		};
/* End XCBuildConfiguration section */

/* Begin XCConfigurationList section */
		A1B25B871B3DA70500DC9D59 /* Build configuration list for PBXProject "PetConstraint" */ = {
			isa = XCConfigurationList;
			buildConfigurations = (
				A1B25B9C1B3DA70500DC9D59 /* Debug */,
				A1B25B9D1B3DA70500DC9D59 /* Release */,
			);
			defaultConfigurationIsVisible = 0;
			defaultConfigurationName = Release;
		};
		A1B25B9E1B3DA70500DC9D59 /* Build configuration list for PBXNativeTarget "PetConstraint" */ = {
			isa = XCConfigurationList;
			buildConfigurations = (
				A1B25B9F1B3DA70500DC9D59 /* Debug */,
				A1B25BA01B3DA70500DC9D59 /* Release */,
			);
			defaultConfigurationIsVisible = 0;
		};
/* End XCConfigurationList section */
	};
	rootObject = A1B25B841B3DA70500DC9D59 /* Project object */;
}
